# This file is automatically @generated by Cargo.
# It is not intended for manual editing.
version = 3

[[package]]
name = "ComfortFunction"
version = "0.1.0"

[[package]]
name = "InputInterface"
version = "0.1.0"

[[package]]
name = "Perception"
version = "0.1.0"

[[package]]
name = "reSimulation"
version = "0.1.0"
